// !$*UTF8*$!
{
	archiveVersion = 1;
	classes = {
	};
	objectVersion = 50;
	objects = {

/* Begin PBXBuildFile section */
		1D82ADCF29071D5200D22D37 /* Feed.storyboard in Resources */ = {isa = PBXBuildFile; fileRef = 1D82ADCE29071D5200D22D37 /* Feed.storyboard */; };
		1D82ADD129071D7F00D22D37 /* ErrorView.swift in Sources */ = {isa = PBXBuildFile; fileRef = 1D82ADD029071D7F00D22D37 /* ErrorView.swift */; };
		1D82ADD329071D9F00D22D37 /* LaterGramImageCell.swift in Sources */ = {isa = PBXBuildFile; fileRef = 1D82ADD229071D9F00D22D37 /* LaterGramImageCell.swift */; };
		1D82ADD629071DD400D22D37 /* UIImageView+Animations.swift in Sources */ = {isa = PBXBuildFile; fileRef = 1D82ADD529071DD400D22D37 /* UIImageView+Animations.swift */; };
		1D82ADD829071DFF00D22D37 /* UITableView+Dequeueing.swift in Sources */ = {isa = PBXBuildFile; fileRef = 1D82ADD729071DFF00D22D37 /* UITableView+Dequeueing.swift */; };
		1D82ADDA29071E1700D22D37 /* UITableView+HeaderSizing.swift in Sources */ = {isa = PBXBuildFile; fileRef = 1D82ADD929071E1700D22D37 /* UITableView+HeaderSizing.swift */; };
		1D82ADDC29071E3100D22D37 /* UIView+Shimmering.swift in Sources */ = {isa = PBXBuildFile; fileRef = 1D82ADDB29071E3100D22D37 /* UIView+Shimmering.swift */; };
		1D82ADDF29071E8D00D22D37 /* LaterGramImageCellController.swift in Sources */ = {isa = PBXBuildFile; fileRef = 1D82ADDE29071E8D00D22D37 /* LaterGramImageCellController.swift */; };
		1D82ADE129071EAB00D22D37 /* LaterGramViewController.swift in Sources */ = {isa = PBXBuildFile; fileRef = 1D82ADE029071EAB00D22D37 /* LaterGramViewController.swift */; };
		1D82ADE429071EEB00D22D37 /* LaterGramViewModel.swift in Sources */ = {isa = PBXBuildFile; fileRef = 1D82ADE329071EEB00D22D37 /* LaterGramViewModel.swift */; };
		1D82ADE629071F2E00D22D37 /* LaterGramImageViewModel.swift in Sources */ = {isa = PBXBuildFile; fileRef = 1D82ADE529071F2E00D22D37 /* LaterGramImageViewModel.swift */; };
		1D82ADEB2907223C00D22D37 /* MainQueueDispatchDecorator.swift in Sources */ = {isa = PBXBuildFile; fileRef = 1D82ADEA2907223C00D22D37 /* MainQueueDispatchDecorator.swift */; };
		1D82ADEE290722DC00D22D37 /* LaterGramUIComposer.swift in Sources */ = {isa = PBXBuildFile; fileRef = 1D82ADED290722DC00D22D37 /* LaterGramUIComposer.swift */; };
		1D82ADF02907240900D22D37 /* AlwaysFailingLoader.swift in Sources */ = {isa = PBXBuildFile; fileRef = 1D82ADEF2907240900D22D37 /* AlwaysFailingLoader.swift */; };
		1D82ADF2290727A500D22D37 /* E2ETests.swift in Sources */ = {isa = PBXBuildFile; fileRef = 1D82ADF1290727A500D22D37 /* E2ETests.swift */; };
		1D82ADF429079D1F00D22D37 /* LaterGramImageLoader.swift in Sources */ = {isa = PBXBuildFile; fileRef = 1D82ADF329079D1F00D22D37 /* LaterGramImageLoader.swift */; };
		1D82ADF92907A18400D22D37 /* URLSessionHTTPImageClient.swift in Sources */ = {isa = PBXBuildFile; fileRef = 1D82ADF82907A18400D22D37 /* URLSessionHTTPImageClient.swift */; };
		1DF46C1B2901D6BC00716D4C /* LaterGramImageLoaderTests.swift in Sources */ = {isa = PBXBuildFile; fileRef = 1DF46C1A2901D6BC00716D4C /* LaterGramImageLoaderTests.swift */; };
		1DF46C1E29025E4F00716D4C /* UIViewController+Preview.swift in Sources */ = {isa = PBXBuildFile; fileRef = 1DF46C1D29025E4F00716D4C /* UIViewController+Preview.swift */; };
		1DF46C2229028CD000716D4C /* LaterGramLoader.swift in Sources */ = {isa = PBXBuildFile; fileRef = 1DF46C2129028CD000716D4C /* LaterGramLoader.swift */; };
		1DF46C2429028CE200716D4C /* GramItemsMapper.swift in Sources */ = {isa = PBXBuildFile; fileRef = 1DF46C2329028CE200716D4C /* GramItemsMapper.swift */; };
		1DF46C2629028CF500716D4C /* HTTPClient.swift in Sources */ = {isa = PBXBuildFile; fileRef = 1DF46C2529028CF500716D4C /* HTTPClient.swift */; };
		1DF46C2929028D1E00716D4C /* MediaType.swift in Sources */ = {isa = PBXBuildFile; fileRef = 1DF46C2829028D1E00716D4C /* MediaType.swift */; };
		1DF46C2B29028D3A00716D4C /* ImageItem.swift in Sources */ = {isa = PBXBuildFile; fileRef = 1DF46C2A29028D3A00716D4C /* ImageItem.swift */; };
		1DF46C2E29028FF700716D4C /* URLSessionHTTPClientTests.swift in Sources */ = {isa = PBXBuildFile; fileRef = 1DF46C2D29028FF700716D4C /* URLSessionHTTPClientTests.swift */; };
		1DF46C31290295B000716D4C /* SharedHelpers.swift in Sources */ = {isa = PBXBuildFile; fileRef = 1DF46C30290295B000716D4C /* SharedHelpers.swift */; };
		1DF46C342902A4C500716D4C /* URLSessionHTTPClient.swift in Sources */ = {isa = PBXBuildFile; fileRef = 1DF46C332902A4C500716D4C /* URLSessionHTTPClient.swift */; };
		1DF46C372902A58E00716D4C /* AuthenticatedHTTPClientDecoraterTests.swift in Sources */ = {isa = PBXBuildFile; fileRef = 1DF46C362902A58E00716D4C /* AuthenticatedHTTPClientDecoraterTests.swift */; };
		1DF46C392902A6F000716D4C /* HTTPClientSpy.swift in Sources */ = {isa = PBXBuildFile; fileRef = 1DF46C382902A6F000716D4C /* HTTPClientSpy.swift */; };
		1DF46C3B2902B05C00716D4C /* URL+Sign.swift in Sources */ = {isa = PBXBuildFile; fileRef = 1DF46C3A2902B05C00716D4C /* URL+Sign.swift */; };
		1DF46C3D2902BC0000716D4C /* sampleConfig.json in Resources */ = {isa = PBXBuildFile; fileRef = 1DF46C3C2902BC0000716D4C /* sampleConfig.json */; };
		1DF46C3F2902BC3B00716D4C /* config.json in Resources */ = {isa = PBXBuildFile; fileRef = 1DF46C3E2902BC3B00716D4C /* config.json */; };
		1DF46C412902C0CB00716D4C /* TokenService.swift in Sources */ = {isa = PBXBuildFile; fileRef = 1DF46C402902C0CB00716D4C /* TokenService.swift */; };
		1DF46C432902C0E200716D4C /* LaterGramTokenService.swift in Sources */ = {isa = PBXBuildFile; fileRef = 1DF46C422902C0E200716D4C /* LaterGramTokenService.swift */; };
		1DF46C452902C32500716D4C /* LaterGramTokenServiceTests.swift in Sources */ = {isa = PBXBuildFile; fileRef = 1DF46C442902C32500716D4C /* LaterGramTokenServiceTests.swift */; };
		1DF46C482902C5AF00716D4C /* config.json in Resources */ = {isa = PBXBuildFile; fileRef = 1DF46C472902C5AF00716D4C /* config.json */; };
		1DF46C4A2902C72A00716D4C /* AuthenticatedHTTPClientDecorater.swift in Sources */ = {isa = PBXBuildFile; fileRef = 1DF46C492902C72A00716D4C /* AuthenticatedHTTPClientDecorater.swift */; };
		1DF46C4C2902C87100716D4C /* LaterGramEndpointsTests.swift in Sources */ = {isa = PBXBuildFile; fileRef = 1DF46C4B2902C87100716D4C /* LaterGramEndpointsTests.swift */; };
		1DF46C502902D4F300716D4C /* LaterGramEndpoints.swift in Sources */ = {isa = PBXBuildFile; fileRef = 1DF46C4F2902D4F300716D4C /* LaterGramEndpoints.swift */; };
		F65991C726286DB80099E3E3 /* AppDelegate.swift in Sources */ = {isa = PBXBuildFile; fileRef = F65991C626286DB80099E3E3 /* AppDelegate.swift */; };
		F65991C926286DB80099E3E3 /* SceneDelegate.swift in Sources */ = {isa = PBXBuildFile; fileRef = F65991C826286DB80099E3E3 /* SceneDelegate.swift */; };
		F65991D026286DBA0099E3E3 /* Assets.xcassets in Resources */ = {isa = PBXBuildFile; fileRef = F65991CF26286DBA0099E3E3 /* Assets.xcassets */; };
		F65991D326286DBA0099E3E3 /* LaunchScreen.storyboard in Resources */ = {isa = PBXBuildFile; fileRef = F65991D126286DBA0099E3E3 /* LaunchScreen.storyboard */; };
/* End PBXBuildFile section */

/* Begin PBXContainerItemProxy section */
		F63900D226293D50002D43D2 /* PBXContainerItemProxy */ = {
			isa = PBXContainerItemProxy;
			containerPortal = F65991BB26286DB80099E3E3 /* Project object */;
			proxyType = 1;
			remoteGlobalIDString = F65991C226286DB80099E3E3;
			remoteInfo = LaterGram;
		};
/* End PBXContainerItemProxy section */

/* Begin PBXFileReference section */
		1D82ADCE29071D5200D22D37 /* Feed.storyboard */ = {isa = PBXFileReference; lastKnownFileType = file.storyboard; path = Feed.storyboard; sourceTree = "<group>"; };
		1D82ADD029071D7F00D22D37 /* ErrorView.swift */ = {isa = PBXFileReference; lastKnownFileType = sourcecode.swift; path = ErrorView.swift; sourceTree = "<group>"; };
		1D82ADD229071D9F00D22D37 /* LaterGramImageCell.swift */ = {isa = PBXFileReference; lastKnownFileType = sourcecode.swift; path = LaterGramImageCell.swift; sourceTree = "<group>"; };
		1D82ADD529071DD400D22D37 /* UIImageView+Animations.swift */ = {isa = PBXFileReference; lastKnownFileType = sourcecode.swift; path = "UIImageView+Animations.swift"; sourceTree = "<group>"; };
		1D82ADD729071DFF00D22D37 /* UITableView+Dequeueing.swift */ = {isa = PBXFileReference; lastKnownFileType = sourcecode.swift; path = "UITableView+Dequeueing.swift"; sourceTree = "<group>"; };
		1D82ADD929071E1700D22D37 /* UITableView+HeaderSizing.swift */ = {isa = PBXFileReference; lastKnownFileType = sourcecode.swift; path = "UITableView+HeaderSizing.swift"; sourceTree = "<group>"; };
		1D82ADDB29071E3100D22D37 /* UIView+Shimmering.swift */ = {isa = PBXFileReference; lastKnownFileType = sourcecode.swift; path = "UIView+Shimmering.swift"; sourceTree = "<group>"; };
		1D82ADDE29071E8D00D22D37 /* LaterGramImageCellController.swift */ = {isa = PBXFileReference; lastKnownFileType = sourcecode.swift; path = LaterGramImageCellController.swift; sourceTree = "<group>"; };
		1D82ADE029071EAB00D22D37 /* LaterGramViewController.swift */ = {isa = PBXFileReference; lastKnownFileType = sourcecode.swift; path = LaterGramViewController.swift; sourceTree = "<group>"; };
		1D82ADE329071EEB00D22D37 /* LaterGramViewModel.swift */ = {isa = PBXFileReference; lastKnownFileType = sourcecode.swift; path = LaterGramViewModel.swift; sourceTree = "<group>"; };
		1D82ADE529071F2E00D22D37 /* LaterGramImageViewModel.swift */ = {isa = PBXFileReference; lastKnownFileType = sourcecode.swift; path = LaterGramImageViewModel.swift; sourceTree = "<group>"; };
		1D82ADEA2907223C00D22D37 /* MainQueueDispatchDecorator.swift */ = {isa = PBXFileReference; lastKnownFileType = sourcecode.swift; path = MainQueueDispatchDecorator.swift; sourceTree = "<group>"; };
		1D82ADED290722DC00D22D37 /* LaterGramUIComposer.swift */ = {isa = PBXFileReference; lastKnownFileType = sourcecode.swift; path = LaterGramUIComposer.swift; sourceTree = "<group>"; };
		1D82ADEF2907240900D22D37 /* AlwaysFailingLoader.swift */ = {isa = PBXFileReference; lastKnownFileType = sourcecode.swift; path = AlwaysFailingLoader.swift; sourceTree = "<group>"; };
		1D82ADF1290727A500D22D37 /* E2ETests.swift */ = {isa = PBXFileReference; lastKnownFileType = sourcecode.swift; path = E2ETests.swift; sourceTree = "<group>"; };
		1D82ADF329079D1F00D22D37 /* LaterGramImageLoader.swift */ = {isa = PBXFileReference; lastKnownFileType = sourcecode.swift; path = LaterGramImageLoader.swift; sourceTree = "<group>"; };
		1D82ADF82907A18400D22D37 /* URLSessionHTTPImageClient.swift */ = {isa = PBXFileReference; lastKnownFileType = sourcecode.swift; path = URLSessionHTTPImageClient.swift; sourceTree = "<group>"; };
		1DF46C1A2901D6BC00716D4C /* LaterGramImageLoaderTests.swift */ = {isa = PBXFileReference; lastKnownFileType = sourcecode.swift; path = LaterGramImageLoaderTests.swift; sourceTree = "<group>"; };
		1DF46C1D29025E4F00716D4C /* UIViewController+Preview.swift */ = {isa = PBXFileReference; lastKnownFileType = sourcecode.swift; path = "UIViewController+Preview.swift"; sourceTree = "<group>"; };
		1DF46C2129028CD000716D4C /* LaterGramLoader.swift */ = {isa = PBXFileReference; lastKnownFileType = sourcecode.swift; path = LaterGramLoader.swift; sourceTree = "<group>"; };
		1DF46C2329028CE200716D4C /* GramItemsMapper.swift */ = {isa = PBXFileReference; lastKnownFileType = sourcecode.swift; path = GramItemsMapper.swift; sourceTree = "<group>"; };
		1DF46C2529028CF500716D4C /* HTTPClient.swift */ = {isa = PBXFileReference; lastKnownFileType = sourcecode.swift; path = HTTPClient.swift; sourceTree = "<group>"; };
		1DF46C2829028D1E00716D4C /* MediaType.swift */ = {isa = PBXFileReference; lastKnownFileType = sourcecode.swift; path = MediaType.swift; sourceTree = "<group>"; };
		1DF46C2A29028D3A00716D4C /* ImageItem.swift */ = {isa = PBXFileReference; lastKnownFileType = sourcecode.swift; path = ImageItem.swift; sourceTree = "<group>"; };
		1DF46C2D29028FF700716D4C /* URLSessionHTTPClientTests.swift */ = {isa = PBXFileReference; lastKnownFileType = sourcecode.swift; path = URLSessionHTTPClientTests.swift; sourceTree = "<group>"; };
		1DF46C30290295B000716D4C /* SharedHelpers.swift */ = {isa = PBXFileReference; lastKnownFileType = sourcecode.swift; path = SharedHelpers.swift; sourceTree = "<group>"; };
		1DF46C332902A4C500716D4C /* URLSessionHTTPClient.swift */ = {isa = PBXFileReference; lastKnownFileType = sourcecode.swift; path = URLSessionHTTPClient.swift; sourceTree = "<group>"; };
		1DF46C362902A58E00716D4C /* AuthenticatedHTTPClientDecoraterTests.swift */ = {isa = PBXFileReference; lastKnownFileType = sourcecode.swift; path = AuthenticatedHTTPClientDecoraterTests.swift; sourceTree = "<group>"; };
		1DF46C382902A6F000716D4C /* HTTPClientSpy.swift */ = {isa = PBXFileReference; lastKnownFileType = sourcecode.swift; path = HTTPClientSpy.swift; sourceTree = "<group>"; };
		1DF46C3A2902B05C00716D4C /* URL+Sign.swift */ = {isa = PBXFileReference; lastKnownFileType = sourcecode.swift; path = "URL+Sign.swift"; sourceTree = "<group>"; };
		1DF46C3C2902BC0000716D4C /* sampleConfig.json */ = {isa = PBXFileReference; lastKnownFileType = text.json; path = sampleConfig.json; sourceTree = "<group>"; };
		1DF46C3E2902BC3B00716D4C /* config.json */ = {isa = PBXFileReference; lastKnownFileType = text.json; path = config.json; sourceTree = "<group>"; };
		1DF46C402902C0CB00716D4C /* TokenService.swift */ = {isa = PBXFileReference; lastKnownFileType = sourcecode.swift; path = TokenService.swift; sourceTree = "<group>"; };
		1DF46C422902C0E200716D4C /* LaterGramTokenService.swift */ = {isa = PBXFileReference; lastKnownFileType = sourcecode.swift; path = LaterGramTokenService.swift; sourceTree = "<group>"; };
		1DF46C442902C32500716D4C /* LaterGramTokenServiceTests.swift */ = {isa = PBXFileReference; lastKnownFileType = sourcecode.swift; path = LaterGramTokenServiceTests.swift; sourceTree = "<group>"; };
		1DF46C472902C5AF00716D4C /* config.json */ = {isa = PBXFileReference; lastKnownFileType = text.json; path = config.json; sourceTree = "<group>"; };
		1DF46C492902C72A00716D4C /* AuthenticatedHTTPClientDecorater.swift */ = {isa = PBXFileReference; lastKnownFileType = sourcecode.swift; path = AuthenticatedHTTPClientDecorater.swift; sourceTree = "<group>"; };
		1DF46C4B2902C87100716D4C /* LaterGramEndpointsTests.swift */ = {isa = PBXFileReference; lastKnownFileType = sourcecode.swift; path = LaterGramEndpointsTests.swift; sourceTree = "<group>"; };
		1DF46C4F2902D4F300716D4C /* LaterGramEndpoints.swift */ = {isa = PBXFileReference; lastKnownFileType = sourcecode.swift; path = LaterGramEndpoints.swift; sourceTree = "<group>"; };
		F63900CD26293D50002D43D2 /* LaterGramTests.xctest */ = {isa = PBXFileReference; explicitFileType = wrapper.cfbundle; includeInIndex = 0; path = LaterGramTests.xctest; sourceTree = BUILT_PRODUCTS_DIR; };
		F63900D126293D50002D43D2 /* Info.plist */ = {isa = PBXFileReference; lastKnownFileType = text.plist.xml; path = Info.plist; sourceTree = "<group>"; };
		F65991C326286DB80099E3E3 /* LaterGram.app */ = {isa = PBXFileReference; explicitFileType = wrapper.application; includeInIndex = 0; path = LaterGram.app; sourceTree = BUILT_PRODUCTS_DIR; };
		F65991C626286DB80099E3E3 /* AppDelegate.swift */ = {isa = PBXFileReference; lastKnownFileType = sourcecode.swift; path = AppDelegate.swift; sourceTree = "<group>"; };
		F65991C826286DB80099E3E3 /* SceneDelegate.swift */ = {isa = PBXFileReference; lastKnownFileType = sourcecode.swift; path = SceneDelegate.swift; sourceTree = "<group>"; };
		F65991CF26286DBA0099E3E3 /* Assets.xcassets */ = {isa = PBXFileReference; lastKnownFileType = folder.assetcatalog; path = Assets.xcassets; sourceTree = "<group>"; };
		F65991D226286DBA0099E3E3 /* Base */ = {isa = PBXFileReference; lastKnownFileType = file.storyboard; name = Base; path = Base.lproj/LaunchScreen.storyboard; sourceTree = "<group>"; };
		F65991D426286DBA0099E3E3 /* Info.plist */ = {isa = PBXFileReference; lastKnownFileType = text.plist.xml; path = Info.plist; sourceTree = "<group>"; };
/* End PBXFileReference section */

/* Begin PBXFrameworksBuildPhase section */
		F63900CA26293D50002D43D2 /* Frameworks */ = {
			isa = PBXFrameworksBuildPhase;
			buildActionMask = 2147483647;
			files = (
			);
			runOnlyForDeploymentPostprocessing = 0;
		};
		F65991C026286DB80099E3E3 /* Frameworks */ = {
			isa = PBXFrameworksBuildPhase;
			buildActionMask = 2147483647;
			files = (
			);
			runOnlyForDeploymentPostprocessing = 0;
		};
/* End PBXFrameworksBuildPhase section */

/* Begin PBXGroup section */
		1D82ADCC29071CD600D22D37 /* UI */ = {
			isa = PBXGroup;
			children = (
				1D82ADEC290722BA00D22D37 /* Composer */,
				1D82ADDD29071E6200D22D37 /* Controllers */,
				1D82ADCD29071D3B00D22D37 /* Views */,
			);
			path = UI;
			sourceTree = "<group>";
		};
		1D82ADCD29071D3B00D22D37 /* Views */ = {
			isa = PBXGroup;
			children = (
				1D82ADD429071DC300D22D37 /* Helpers */,
				1D82ADCE29071D5200D22D37 /* Feed.storyboard */,
				1D82ADD029071D7F00D22D37 /* ErrorView.swift */,
				1D82ADD229071D9F00D22D37 /* LaterGramImageCell.swift */,
			);
			path = Views;
			sourceTree = "<group>";
		};
		1D82ADD429071DC300D22D37 /* Helpers */ = {
			isa = PBXGroup;
			children = (
				1D82ADD529071DD400D22D37 /* UIImageView+Animations.swift */,
				1D82ADD729071DFF00D22D37 /* UITableView+Dequeueing.swift */,
				1D82ADD929071E1700D22D37 /* UITableView+HeaderSizing.swift */,
				1D82ADDB29071E3100D22D37 /* UIView+Shimmering.swift */,
			);
			path = Helpers;
			sourceTree = "<group>";
		};
		1D82ADDD29071E6200D22D37 /* Controllers */ = {
			isa = PBXGroup;
			children = (
				1D82ADDE29071E8D00D22D37 /* LaterGramImageCellController.swift */,
				1D82ADE029071EAB00D22D37 /* LaterGramViewController.swift */,
			);
			path = Controllers;
			sourceTree = "<group>";
		};
		1D82ADE229071ED300D22D37 /* ViewModels */ = {
			isa = PBXGroup;
			children = (
				1D82ADE329071EEB00D22D37 /* LaterGramViewModel.swift */,
				1D82ADE529071F2E00D22D37 /* LaterGramImageViewModel.swift */,
			);
			path = ViewModels;
			sourceTree = "<group>";
		};
		1D82ADEC290722BA00D22D37 /* Composer */ = {
			isa = PBXGroup;
			children = (
				1D82ADEA2907223C00D22D37 /* MainQueueDispatchDecorator.swift */,
				1D82ADED290722DC00D22D37 /* LaterGramUIComposer.swift */,
			);
			path = Composer;
			sourceTree = "<group>";
		};
		1DF46C1C29025E2A00716D4C /* Extensions */ = {
			isa = PBXGroup;
			children = (
				1DF46C1D29025E4F00716D4C /* UIViewController+Preview.swift */,
				1DF46C3A2902B05C00716D4C /* URL+Sign.swift */,
			);
			path = Extensions;
			sourceTree = "<group>";
		};
		1DF46C2029028CB800716D4C /* Services */ = {
			isa = PBXGroup;
			children = (
				1DF46C322902A4B400716D4C /* Clients */,
				1DF46C2729028D0B00716D4C /* Models */,
				1DF46C2129028CD000716D4C /* LaterGramLoader.swift */,
				1DF46C2329028CE200716D4C /* GramItemsMapper.swift */,
				1DF46C402902C0CB00716D4C /* TokenService.swift */,
				1DF46C422902C0E200716D4C /* LaterGramTokenService.swift */,
				1D82ADF329079D1F00D22D37 /* LaterGramImageLoader.swift */,
			);
			path = Services;
			sourceTree = "<group>";
		};
		1DF46C2729028D0B00716D4C /* Models */ = {
			isa = PBXGroup;
			children = (
				1DF46C2829028D1E00716D4C /* MediaType.swift */,
				1DF46C2A29028D3A00716D4C /* ImageItem.swift */,
			);
			path = Models;
			sourceTree = "<group>";
		};
		1DF46C2C29028FC800716D4C /* Services */ = {
			isa = PBXGroup;
			children = (
				1DF46C352902A56F00716D4C /* Clients */,
				1DF46C1A2901D6BC00716D4C /* LaterGramImageLoaderTests.swift */,
				1DF46C442902C32500716D4C /* LaterGramTokenServiceTests.swift */,
				1DF46C4B2902C87100716D4C /* LaterGramEndpointsTests.swift */,
				1D82ADF1290727A500D22D37 /* E2ETests.swift */,
			);
			path = Services;
			sourceTree = "<group>";
		};
		1DF46C2F2902959D00716D4C /* Helpers */ = {
			isa = PBXGroup;
			children = (
				1DF46C30290295B000716D4C /* SharedHelpers.swift */,
				1DF46C382902A6F000716D4C /* HTTPClientSpy.swift */,
			);
			path = Helpers;
			sourceTree = "<group>";
		};
		1DF46C322902A4B400716D4C /* Clients */ = {
			isa = PBXGroup;
			children = (
				1DF46C2529028CF500716D4C /* HTTPClient.swift */,
				1DF46C332902A4C500716D4C /* URLSessionHTTPClient.swift */,
				1DF46C492902C72A00716D4C /* AuthenticatedHTTPClientDecorater.swift */,
				1DF46C4F2902D4F300716D4C /* LaterGramEndpoints.swift */,
				1D82ADF82907A18400D22D37 /* URLSessionHTTPImageClient.swift */,
			);
			path = Clients;
			sourceTree = "<group>";
		};
		1DF46C352902A56F00716D4C /* Clients */ = {
			isa = PBXGroup;
			children = (
				1DF46C2D29028FF700716D4C /* URLSessionHTTPClientTests.swift */,
				1DF46C362902A58E00716D4C /* AuthenticatedHTTPClientDecoraterTests.swift */,
			);
			path = Clients;
			sourceTree = "<group>";
		};
		1DF46C462902C36F00716D4C /* Assets */ = {
			isa = PBXGroup;
			children = (
				1DF46C472902C5AF00716D4C /* config.json */,
			);
			path = Assets;
			sourceTree = "<group>";
		};
		F63900CE26293D50002D43D2 /* LaterGramTests */ = {
			isa = PBXGroup;
			children = (
				F63900F0262965A1002D43D2 /* TestCases */,
				F63900D926293DC2002D43D2 /* Resources */,
			);
			path = LaterGramTests;
			sourceTree = "<group>";
		};
		F63900D926293DC2002D43D2 /* Resources */ = {
			isa = PBXGroup;
			children = (
				F63900D126293D50002D43D2 /* Info.plist */,
			);
			path = Resources;
			sourceTree = "<group>";
		};
		F63900F0262965A1002D43D2 /* TestCases */ = {
			isa = PBXGroup;
			children = (
				1DF46C462902C36F00716D4C /* Assets */,
				1DF46C2F2902959D00716D4C /* Helpers */,
				1DF46C2C29028FC800716D4C /* Services */,
			);
			path = TestCases;
			sourceTree = "<group>";
		};
		F65991BA26286DB80099E3E3 = {
			isa = PBXGroup;
			children = (
				F65991C526286DB80099E3E3 /* LaterGram */,
				F63900CE26293D50002D43D2 /* LaterGramTests */,
				F65991C426286DB80099E3E3 /* Products */,
			);
			sourceTree = "<group>";
		};
		F65991C426286DB80099E3E3 /* Products */ = {
			isa = PBXGroup;
			children = (
				F65991C326286DB80099E3E3 /* LaterGram.app */,
				F63900CD26293D50002D43D2 /* LaterGramTests.xctest */,
			);
			name = Products;
			sourceTree = "<group>";
		};
		F65991C526286DB80099E3E3 /* LaterGram */ = {
			isa = PBXGroup;
			children = (
				1D82ADE229071ED300D22D37 /* ViewModels */,
				1D82ADCC29071CD600D22D37 /* UI */,
				1DF46C2029028CB800716D4C /* Services */,
				1DF46C1C29025E2A00716D4C /* Extensions */,
				F65991DE26286E660099E3E3 /* Delegates */,
				F65991E526286EDD0099E3E3 /* Resources */,
				F65991DD26286E5B0099E3E3 /* Storyboards */,
			);
			path = LaterGram;
			sourceTree = "<group>";
		};
		F65991DD26286E5B0099E3E3 /* Storyboards */ = {
			isa = PBXGroup;
			children = (
				F65991D126286DBA0099E3E3 /* LaunchScreen.storyboard */,
			);
			path = Storyboards;
			sourceTree = "<group>";
		};
		F65991DE26286E660099E3E3 /* Delegates */ = {
			isa = PBXGroup;
			children = (
				F65991C626286DB80099E3E3 /* AppDelegate.swift */,
				F65991C826286DB80099E3E3 /* SceneDelegate.swift */,
				1D82ADEF2907240900D22D37 /* AlwaysFailingLoader.swift */,
			);
			path = Delegates;
			sourceTree = "<group>";
		};
		F65991E526286EDD0099E3E3 /* Resources */ = {
			isa = PBXGroup;
			children = (
				F65991D426286DBA0099E3E3 /* Info.plist */,
				F65991CF26286DBA0099E3E3 /* Assets.xcassets */,
				1DF46C3C2902BC0000716D4C /* sampleConfig.json */,
				1DF46C3E2902BC3B00716D4C /* config.json */,
			);
			path = Resources;
			sourceTree = "<group>";
		};
/* End PBXGroup section */

/* Begin PBXNativeTarget section */
		F63900CC26293D50002D43D2 /* LaterGramTests */ = {
			isa = PBXNativeTarget;
			buildConfigurationList = F63900D426293D50002D43D2 /* Build configuration list for PBXNativeTarget "LaterGramTests" */;
			buildPhases = (
				F63900C926293D50002D43D2 /* Sources */,
				F63900CA26293D50002D43D2 /* Frameworks */,
				F63900CB26293D50002D43D2 /* Resources */,
			);
			buildRules = (
			);
			dependencies = (
				F63900D326293D50002D43D2 /* PBXTargetDependency */,
			);
			name = LaterGramTests;
			productName = LaterGramTests;
			productReference = F63900CD26293D50002D43D2 /* LaterGramTests.xctest */;
			productType = "com.apple.product-type.bundle.unit-test";
		};
		F65991C226286DB80099E3E3 /* LaterGram */ = {
			isa = PBXNativeTarget;
			buildConfigurationList = F65991D726286DBA0099E3E3 /* Build configuration list for PBXNativeTarget "LaterGram" */;
			buildPhases = (
				F65991BF26286DB80099E3E3 /* Sources */,
				F65991C026286DB80099E3E3 /* Frameworks */,
				F65991C126286DB80099E3E3 /* Resources */,
			);
			buildRules = (
			);
			dependencies = (
			);
			name = LaterGram;
			productName = LaterGram;
			productReference = F65991C326286DB80099E3E3 /* LaterGram.app */;
			productType = "com.apple.product-type.application";
		};
/* End PBXNativeTarget section */

/* Begin PBXProject section */
		F65991BB26286DB80099E3E3 /* Project object */ = {
			isa = PBXProject;
			attributes = {
				LastSwiftUpdateCheck = 1220;
				LastUpgradeCheck = 1220;
				TargetAttributes = {
					F63900CC26293D50002D43D2 = {
						CreatedOnToolsVersion = 12.2;
						LastSwiftMigration = 1400;
						TestTargetID = F65991C226286DB80099E3E3;
					};
					F65991C226286DB80099E3E3 = {
						CreatedOnToolsVersion = 12.2;
					};
				};
			};
			buildConfigurationList = F65991BE26286DB80099E3E3 /* Build configuration list for PBXProject "LaterGram" */;
			compatibilityVersion = "Xcode 9.3";
			developmentRegion = en;
			hasScannedForEncodings = 0;
			knownRegions = (
				en,
				Base,
			);
			mainGroup = F65991BA26286DB80099E3E3;
			productRefGroup = F65991C426286DB80099E3E3 /* Products */;
			projectDirPath = "";
			projectRoot = "";
			targets = (
				F65991C226286DB80099E3E3 /* LaterGram */,
				F63900CC26293D50002D43D2 /* LaterGramTests */,
			);
		};
/* End PBXProject section */

/* Begin PBXResourcesBuildPhase section */
		F63900CB26293D50002D43D2 /* Resources */ = {
			isa = PBXResourcesBuildPhase;
			buildActionMask = 2147483647;
			files = (
				1DF46C482902C5AF00716D4C /* config.json in Resources */,
			);
			runOnlyForDeploymentPostprocessing = 0;
		};
		F65991C126286DB80099E3E3 /* Resources */ = {
			isa = PBXResourcesBuildPhase;
			buildActionMask = 2147483647;
			files = (
				1D82ADCF29071D5200D22D37 /* Feed.storyboard in Resources */,
				F65991D326286DBA0099E3E3 /* LaunchScreen.storyboard in Resources */,
				1DF46C3F2902BC3B00716D4C /* config.json in Resources */,
				F65991D026286DBA0099E3E3 /* Assets.xcassets in Resources */,
				1DF46C3D2902BC0000716D4C /* sampleConfig.json in Resources */,
			);
			runOnlyForDeploymentPostprocessing = 0;
		};
/* End PBXResourcesBuildPhase section */

/* Begin PBXSourcesBuildPhase section */
		F63900C926293D50002D43D2 /* Sources */ = {
			isa = PBXSourcesBuildPhase;
			buildActionMask = 2147483647;
			files = (
				1D82ADF2290727A500D22D37 /* E2ETests.swift in Sources */,
				1DF46C1B2901D6BC00716D4C /* LaterGramImageLoaderTests.swift in Sources */,
				1DF46C2E29028FF700716D4C /* URLSessionHTTPClientTests.swift in Sources */,
				1DF46C452902C32500716D4C /* LaterGramTokenServiceTests.swift in Sources */,
				1DF46C31290295B000716D4C /* SharedHelpers.swift in Sources */,
				1DF46C372902A58E00716D4C /* AuthenticatedHTTPClientDecoraterTests.swift in Sources */,
				1DF46C392902A6F000716D4C /* HTTPClientSpy.swift in Sources */,
				1DF46C4C2902C87100716D4C /* LaterGramEndpointsTests.swift in Sources */,
			);
			runOnlyForDeploymentPostprocessing = 0;
		};
		F65991BF26286DB80099E3E3 /* Sources */ = {
			isa = PBXSourcesBuildPhase;
			buildActionMask = 2147483647;
			files = (
				1D82ADE129071EAB00D22D37 /* LaterGramViewController.swift in Sources */,
				1D82ADEB2907223C00D22D37 /* MainQueueDispatchDecorator.swift in Sources */,
				1D82ADD829071DFF00D22D37 /* UITableView+Dequeueing.swift in Sources */,
				1DF46C2B29028D3A00716D4C /* ImageItem.swift in Sources */,
				1D82ADF02907240900D22D37 /* AlwaysFailingLoader.swift in Sources */,
				1DF46C342902A4C500716D4C /* URLSessionHTTPClient.swift in Sources */,
				1D82ADDC29071E3100D22D37 /* UIView+Shimmering.swift in Sources */,
				1D82ADD329071D9F00D22D37 /* LaterGramImageCell.swift in Sources */,
				1D82ADD629071DD400D22D37 /* UIImageView+Animations.swift in Sources */,
				1DF46C432902C0E200716D4C /* LaterGramTokenService.swift in Sources */,
				1DF46C4A2902C72A00716D4C /* AuthenticatedHTTPClientDecorater.swift in Sources */,
				1D82ADF92907A18400D22D37 /* URLSessionHTTPImageClient.swift in Sources */,
				1DF46C412902C0CB00716D4C /* TokenService.swift in Sources */,
				1D82ADEE290722DC00D22D37 /* LaterGramUIComposer.swift in Sources */,
				F65991C726286DB80099E3E3 /* AppDelegate.swift in Sources */,
				1DF46C3B2902B05C00716D4C /* URL+Sign.swift in Sources */,
				1DF46C2429028CE200716D4C /* GramItemsMapper.swift in Sources */,
				1D82ADE629071F2E00D22D37 /* LaterGramImageViewModel.swift in Sources */,
				1D82ADE429071EEB00D22D37 /* LaterGramViewModel.swift in Sources */,
				1DF46C2629028CF500716D4C /* HTTPClient.swift in Sources */,
				1DF46C2929028D1E00716D4C /* MediaType.swift in Sources */,
				1D82ADDA29071E1700D22D37 /* UITableView+HeaderSizing.swift in Sources */,
				F65991C926286DB80099E3E3 /* SceneDelegate.swift in Sources */,
				1DF46C1E29025E4F00716D4C /* UIViewController+Preview.swift in Sources */,
				1DF46C2229028CD000716D4C /* LaterGramLoader.swift in Sources */,
				1DF46C502902D4F300716D4C /* LaterGramEndpoints.swift in Sources */,
				1D82ADD129071D7F00D22D37 /* ErrorView.swift in Sources */,
				1D82ADF429079D1F00D22D37 /* LaterGramImageLoader.swift in Sources */,
				1D82ADDF29071E8D00D22D37 /* LaterGramImageCellController.swift in Sources */,
			);
			runOnlyForDeploymentPostprocessing = 0;
		};
/* End PBXSourcesBuildPhase section */

/* Begin PBXTargetDependency section */
		F63900D326293D50002D43D2 /* PBXTargetDependency */ = {
			isa = PBXTargetDependency;
			target = F65991C226286DB80099E3E3 /* LaterGram */;
			targetProxy = F63900D226293D50002D43D2 /* PBXContainerItemProxy */;
		};
/* End PBXTargetDependency section */

/* Begin PBXVariantGroup section */
		F65991D126286DBA0099E3E3 /* LaunchScreen.storyboard */ = {
			isa = PBXVariantGroup;
			children = (
				F65991D226286DBA0099E3E3 /* Base */,
			);
			name = LaunchScreen.storyboard;
			sourceTree = "<group>";
		};
/* End PBXVariantGroup section */

/* Begin XCBuildConfiguration section */
		F63900D526293D50002D43D2 /* Debug */ = {
			isa = XCBuildConfiguration;
			buildSettings = {
				BUNDLE_LOADER = "$(TEST_HOST)";
				CLANG_ENABLE_MODULES = YES;
				CODE_SIGN_STYLE = Automatic;
				DEVELOPMENT_TEAM = RAPRN32R23;
				INFOPLIST_FILE = LaterGramTests/Resources/Info.plist;
				IPHONEOS_DEPLOYMENT_TARGET = 16.0;
				LD_RUNPATH_SEARCH_PATHS = (
					"$(inherited)",
					"@executable_path/Frameworks",
					"@loader_path/Frameworks",
				);
				PRODUCT_BUNDLE_IDENTIFIER = com.aganinyakundi.LaterGramTests;
				PRODUCT_NAME = "$(TARGET_NAME)";
				SWIFT_OPTIMIZATION_LEVEL = "-Onone";
				SWIFT_VERSION = 5.0;
				TARGETED_DEVICE_FAMILY = "1,2";
				TEST_HOST = "$(BUILT_PRODUCTS_DIR)/LaterGram.app/LaterGram";
			};
			name = Debug;
		};
		F63900D626293D50002D43D2 /* Release */ = {
			isa = XCBuildConfiguration;
			buildSettings = {
				BUNDLE_LOADER = "$(TEST_HOST)";
				CLANG_ENABLE_MODULES = YES;
				CODE_SIGN_STYLE = Automatic;
				DEVELOPMENT_TEAM = RAPRN32R23;
				INFOPLIST_FILE = LaterGramTests/Resources/Info.plist;
				IPHONEOS_DEPLOYMENT_TARGET = 16.0;
				LD_RUNPATH_SEARCH_PATHS = (
					"$(inherited)",
					"@executable_path/Frameworks",
					"@loader_path/Frameworks",
				);
				PRODUCT_BUNDLE_IDENTIFIER = com.aganinyakundi.LaterGramTests;
				PRODUCT_NAME = "$(TARGET_NAME)";
				SWIFT_VERSION = 5.0;
				TARGETED_DEVICE_FAMILY = "1,2";
				TEST_HOST = "$(BUILT_PRODUCTS_DIR)/LaterGram.app/LaterGram";
			};
			name = Release;
		};
		F65991D526286DBA0099E3E3 /* Debug */ = {
			isa = XCBuildConfiguration;
			buildSettings = {
				ALWAYS_SEARCH_USER_PATHS = NO;
				CLANG_ANALYZER_NONNULL = YES;
				CLANG_ANALYZER_NUMBER_OBJECT_CONVERSION = YES_AGGRESSIVE;
				CLANG_CXX_LANGUAGE_STANDARD = "gnu++14";
				CLANG_CXX_LIBRARY = "libc++";
				CLANG_ENABLE_MODULES = YES;
				CLANG_ENABLE_OBJC_ARC = YES;
				CLANG_ENABLE_OBJC_WEAK = YES;
				CLANG_WARN_BLOCK_CAPTURE_AUTORELEASING = YES;
				CLANG_WARN_BOOL_CONVERSION = YES;
				CLANG_WARN_COMMA = YES;
				CLANG_WARN_CONSTANT_CONVERSION = YES;
				CLANG_WARN_DEPRECATED_OBJC_IMPLEMENTATIONS = YES;
				CLANG_WARN_DIRECT_OBJC_ISA_USAGE = YES_ERROR;
				CLANG_WARN_DOCUMENTATION_COMMENTS = YES;
				CLANG_WARN_EMPTY_BODY = YES;
				CLANG_WARN_ENUM_CONVERSION = YES;
				CLANG_WARN_INFINITE_RECURSION = YES;
				CLANG_WARN_INT_CONVERSION = YES;
				CLANG_WARN_NON_LITERAL_NULL_CONVERSION = YES;
				CLANG_WARN_OBJC_IMPLICIT_RETAIN_SELF = YES;
				CLANG_WARN_OBJC_LITERAL_CONVERSION = YES;
				CLANG_WARN_OBJC_ROOT_CLASS = YES_ERROR;
				CLANG_WARN_QUOTED_INCLUDE_IN_FRAMEWORK_HEADER = YES;
				CLANG_WARN_RANGE_LOOP_ANALYSIS = YES;
				CLANG_WARN_STRICT_PROTOTYPES = YES;
				CLANG_WARN_SUSPICIOUS_MOVE = YES;
				CLANG_WARN_UNGUARDED_AVAILABILITY = YES_AGGRESSIVE;
				CLANG_WARN_UNREACHABLE_CODE = YES;
				CLANG_WARN__DUPLICATE_METHOD_MATCH = YES;
				COPY_PHASE_STRIP = NO;
				DEBUG_INFORMATION_FORMAT = dwarf;
				ENABLE_STRICT_OBJC_MSGSEND = YES;
				ENABLE_TESTABILITY = YES;
				GCC_C_LANGUAGE_STANDARD = gnu11;
				GCC_DYNAMIC_NO_PIC = NO;
				GCC_NO_COMMON_BLOCKS = YES;
				GCC_OPTIMIZATION_LEVEL = 0;
				GCC_PREPROCESSOR_DEFINITIONS = (
					"DEBUG=1",
					"$(inherited)",
				);
				GCC_WARN_64_TO_32_BIT_CONVERSION = YES;
				GCC_WARN_ABOUT_RETURN_TYPE = YES_ERROR;
				GCC_WARN_UNDECLARED_SELECTOR = YES;
				GCC_WARN_UNINITIALIZED_AUTOS = YES_AGGRESSIVE;
				GCC_WARN_UNUSED_FUNCTION = YES;
				GCC_WARN_UNUSED_VARIABLE = YES;
				IPHONEOS_DEPLOYMENT_TARGET = 16.0;
				MTL_ENABLE_DEBUG_INFO = INCLUDE_SOURCE;
				MTL_FAST_MATH = YES;
				ONLY_ACTIVE_ARCH = YES;
				SDKROOT = iphoneos;
				SWIFT_ACTIVE_COMPILATION_CONDITIONS = DEBUG;
				SWIFT_OPTIMIZATION_LEVEL = "-Onone";
			};
			name = Debug;
		};
		F65991D626286DBA0099E3E3 /* Release */ = {
			isa = XCBuildConfiguration;
			buildSettings = {
				ALWAYS_SEARCH_USER_PATHS = NO;
				CLANG_ANALYZER_NONNULL = YES;
				CLANG_ANALYZER_NUMBER_OBJECT_CONVERSION = YES_AGGRESSIVE;
				CLANG_CXX_LANGUAGE_STANDARD = "gnu++14";
				CLANG_CXX_LIBRARY = "libc++";
				CLANG_ENABLE_MODULES = YES;
				CLANG_ENABLE_OBJC_ARC = YES;
				CLANG_ENABLE_OBJC_WEAK = YES;
				CLANG_WARN_BLOCK_CAPTURE_AUTORELEASING = YES;
				CLANG_WARN_BOOL_CONVERSION = YES;
				CLANG_WARN_COMMA = YES;
				CLANG_WARN_CONSTANT_CONVERSION = YES;
				CLANG_WARN_DEPRECATED_OBJC_IMPLEMENTATIONS = YES;
				CLANG_WARN_DIRECT_OBJC_ISA_USAGE = YES_ERROR;
				CLANG_WARN_DOCUMENTATION_COMMENTS = YES;
				CLANG_WARN_EMPTY_BODY = YES;
				CLANG_WARN_ENUM_CONVERSION = YES;
				CLANG_WARN_INFINITE_RECURSION = YES;
				CLANG_WARN_INT_CONVERSION = YES;
				CLANG_WARN_NON_LITERAL_NULL_CONVERSION = YES;
				CLANG_WARN_OBJC_IMPLICIT_RETAIN_SELF = YES;
				CLANG_WARN_OBJC_LITERAL_CONVERSION = YES;
				CLANG_WARN_OBJC_ROOT_CLASS = YES_ERROR;
				CLANG_WARN_QUOTED_INCLUDE_IN_FRAMEWORK_HEADER = YES;
				CLANG_WARN_RANGE_LOOP_ANALYSIS = YES;
				CLANG_WARN_STRICT_PROTOTYPES = YES;
				CLANG_WARN_SUSPICIOUS_MOVE = YES;
				CLANG_WARN_UNGUARDED_AVAILABILITY = YES_AGGRESSIVE;
				CLANG_WARN_UNREACHABLE_CODE = YES;
				CLANG_WARN__DUPLICATE_METHOD_MATCH = YES;
				COPY_PHASE_STRIP = NO;
				DEBUG_INFORMATION_FORMAT = "dwarf-with-dsym";
				ENABLE_NS_ASSERTIONS = NO;
				ENABLE_STRICT_OBJC_MSGSEND = YES;
				GCC_C_LANGUAGE_STANDARD = gnu11;
				GCC_NO_COMMON_BLOCKS = YES;
				GCC_WARN_64_TO_32_BIT_CONVERSION = YES;
				GCC_WARN_ABOUT_RETURN_TYPE = YES_ERROR;
				GCC_WARN_UNDECLARED_SELECTOR = YES;
				GCC_WARN_UNINITIALIZED_AUTOS = YES_AGGRESSIVE;
				GCC_WARN_UNUSED_FUNCTION = YES;
				GCC_WARN_UNUSED_VARIABLE = YES;
				IPHONEOS_DEPLOYMENT_TARGET = 16.0;
				MTL_ENABLE_DEBUG_INFO = NO;
				MTL_FAST_MATH = YES;
				SDKROOT = iphoneos;
				SWIFT_COMPILATION_MODE = wholemodule;
				SWIFT_OPTIMIZATION_LEVEL = "-O";
				VALIDATE_PRODUCT = YES;
			};
			name = Release;
		};
		F65991D826286DBA0099E3E3 /* Debug */ = {
			isa = XCBuildConfiguration;
			buildSettings = {
				ASSETCATALOG_COMPILER_APPICON_NAME = AppIcon;
				ASSETCATALOG_COMPILER_GLOBAL_ACCENT_COLOR_NAME = AccentColor;
				CODE_SIGN_STYLE = Automatic;
				DEVELOPMENT_TEAM = RAPRN32R23;
				INFOPLIST_FILE = LaterGram/Resources/Info.plist;
				IPHONEOS_DEPLOYMENT_TARGET = 16.0;
				LD_RUNPATH_SEARCH_PATHS = (
					"$(inherited)",
					"@executable_path/Frameworks",
				);
				PRODUCT_BUNDLE_IDENTIFIER = com.aganinyakundi.LaterGram;
				PRODUCT_NAME = "$(TARGET_NAME)";
				SWIFT_VERSION = 5.0;
				TARGETED_DEVICE_FAMILY = 1;
			};
			name = Debug;
		};
		F65991D926286DBA0099E3E3 /* Release */ = {
			isa = XCBuildConfiguration;
			buildSettings = {
				ASSETCATALOG_COMPILER_APPICON_NAME = AppIcon;
				ASSETCATALOG_COMPILER_GLOBAL_ACCENT_COLOR_NAME = AccentColor;
				CODE_SIGN_STYLE = Automatic;
				DEVELOPMENT_TEAM = RAPRN32R23;
				INFOPLIST_FILE = LaterGram/Resources/Info.plist;
				IPHONEOS_DEPLOYMENT_TARGET = 16.0;
				LD_RUNPATH_SEARCH_PATHS = (
					"$(inherited)",
					"@executable_path/Frameworks",
				);
				PRODUCT_BUNDLE_IDENTIFIER = com.aganinyakundi.LaterGram;
				PRODUCT_NAME = "$(TARGET_NAME)";
				SWIFT_VERSION = 5.0;
				TARGETED_DEVICE_FAMILY = 1;
			};
			name = Release;
		};
/* End XCBuildConfiguration section */

/* Begin XCConfigurationList section */
		F63900D426293D50002D43D2 /* Build configuration list for PBXNativeTarget "LaterGramTests" */ = {
			isa = XCConfigurationList;
			buildConfigurations = (
				F63900D526293D50002D43D2 /* Debug */,
				F63900D626293D50002D43D2 /* Release */,
			);
			defaultConfigurationIsVisible = 0;
			defaultConfigurationName = Release;
		};
		F65991BE26286DB80099E3E3 /* Build configuration list for PBXProject "LaterGram" */ = {
			isa = XCConfigurationList;
			buildConfigurations = (
				F65991D526286DBA0099E3E3 /* Debug */,
				F65991D626286DBA0099E3E3 /* Release */,
			);
			defaultConfigurationIsVisible = 0;
			defaultConfigurationName = Release;
		};
		F65991D726286DBA0099E3E3 /* Build configuration list for PBXNativeTarget "LaterGram" */ = {
			isa = XCConfigurationList;
			buildConfigurations = (
				F65991D826286DBA0099E3E3 /* Debug */,
				F65991D926286DBA0099E3E3 /* Release */,
			);
			defaultConfigurationIsVisible = 0;
			defaultConfigurationName = Release;
		};
/* End XCConfigurationList section */
	};
	rootObject = F65991BB26286DB80099E3E3 /* Project object */;
}
